
Microsoft Visual Studio Solution File, Format Version 12.00
# Visual Studio Version 16
VisualStudioVersion = 16.0.31321.278
MinimumVisualStudioVersion = 10.0.40219.1
Project("{FAE04EC0-301F-11D3-BF4B-00C04F79EFBC}") = "SHCM_API", "SHCM_API\SHCM_API.csproj", "{5A4C8540-D090-4B49-AAED-7F5472E2558E}"
EndProject
Global
	GlobalSection(SolutionConfigurationPlatforms) = preSolution
		Debug|Any CPU = Debug|Any CPU
		Release|Any CPU = Release|Any CPU
	EndGlobalSection
	GlobalSection(ProjectConfigurationPlatforms) = postSolution
		{5A4C8540-D090-4B49-AAED-7F5472E2558E}.Debug|Any CPU.ActiveCfg = Debug|Any CPU
		{5A4C8540-D090-4B49-AAED-7F5472E2558E}.Debug|Any CPU.Build.0 = Debug|Any CPU
		{5A4C8540-D090-4B49-AAED-7F5472E2558E}.Release|Any CPU.ActiveCfg = Release|Any CPU
		{5A4C8540-D090-4B49-AAED-7F5472E2558E}.Release|Any CPU.Build.0 = Release|Any CPU
	EndGlobalSection
	GlobalSection(SolutionProperties) = preSolution
		HideSolutionNode = FALSE
	EndGlobalSection
	GlobalSection(ExtensibilityGlobals) = postSolution
		SolutionGuid = {29DF234E-FD8B-494F-B7C0-C18FE62E6BBF}
	EndGlobalSection
EndGlobal
